// !$*UTF8*$!
{
	archiveVersion = 1;
	classes = {
	};
	objectVersion = 55;
	objects = {

/* Begin PBXBuildFile section */
		E702E06D282C3141008898BB /* AppDelegate.swift in Sources */ = {isa = PBXBuildFile; fileRef = E702E06C282C3141008898BB /* AppDelegate.swift */; };
		E702E06F282C3141008898BB /* SceneDelegate.swift in Sources */ = {isa = PBXBuildFile; fileRef = E702E06E282C3141008898BB /* SceneDelegate.swift */; };
		E702E074282C3141008898BB /* Main.storyboard in Resources */ = {isa = PBXBuildFile; fileRef = E702E072282C3141008898BB /* Main.storyboard */; };
		E702E076282C3143008898BB /* Assets.xcassets in Resources */ = {isa = PBXBuildFile; fileRef = E702E075282C3143008898BB /* Assets.xcassets */; };
		E702E079282C3143008898BB /* LaunchScreen.storyboard in Resources */ = {isa = PBXBuildFile; fileRef = E702E077282C3143008898BB /* LaunchScreen.storyboard */; };
		E702E084282C3143008898BB /* MercaAppTests.swift in Sources */ = {isa = PBXBuildFile; fileRef = E702E083282C3143008898BB /* MercaAppTests.swift */; };
		E702E08E282C3143008898BB /* MercaAppUITests.swift in Sources */ = {isa = PBXBuildFile; fileRef = E702E08D282C3143008898BB /* MercaAppUITests.swift */; };
		E702E090282C3143008898BB /* MercaAppUITestsLaunchTests.swift in Sources */ = {isa = PBXBuildFile; fileRef = E702E08F282C3143008898BB /* MercaAppUITestsLaunchTests.swift */; };
		E707C2F6283300FB00D504CB /* DetailProductMocks.swift in Sources */ = {isa = PBXBuildFile; fileRef = E707C2F5283300FB00D504CB /* DetailProductMocks.swift */; };
		E707C2F82833011100D504CB /* DetailProductInteractorTests.swift in Sources */ = {isa = PBXBuildFile; fileRef = E707C2F72833011100D504CB /* DetailProductInteractorTests.swift */; };
		E707C2FC2833014800D504CB /* DetailProductPresenterTests.swift in Sources */ = {isa = PBXBuildFile; fileRef = E707C2FB2833014800D504CB /* DetailProductPresenterTests.swift */; };
		E707C2FE283308D400D504CB /* SearchViewMocks.swift in Sources */ = {isa = PBXBuildFile; fileRef = E707C2FD283308D400D504CB /* SearchViewMocks.swift */; };
		E707C300283308E400D504CB /* SearchViewInteractorTests.swift in Sources */ = {isa = PBXBuildFile; fileRef = E707C2FF283308E400D504CB /* SearchViewInteractorTests.swift */; };
		E707C302283308F400D504CB /* SearchViewPresenterTests.swift in Sources */ = {isa = PBXBuildFile; fileRef = E707C301283308F400D504CB /* SearchViewPresenterTests.swift */; };
		E707C3052833097600D504CB /* DetailProductModel.swift in Sources */ = {isa = PBXBuildFile; fileRef = E707C3042833097600D504CB /* DetailProductModel.swift */; };
		E707C3072833436500D504CB /* UIImageView+Extension.swift in Sources */ = {isa = PBXBuildFile; fileRef = E707C3062833436500D504CB /* UIImageView+Extension.swift */; };
		E73BEE8428319638002FBEE4 /* DetailProductRouter.swift in Sources */ = {isa = PBXBuildFile; fileRef = E73BEE8328319638002FBEE4 /* DetailProductRouter.swift */; };
		E73BEE862831966B002FBEE4 /* DetailProductViewController.swift in Sources */ = {isa = PBXBuildFile; fileRef = E73BEE852831966B002FBEE4 /* DetailProductViewController.swift */; };
		E73BEE882831967D002FBEE4 /* DetailProductView.storyboard in Resources */ = {isa = PBXBuildFile; fileRef = E73BEE872831967D002FBEE4 /* DetailProductView.storyboard */; };
		E73BEE8B283196CF002FBEE4 /* DetailProductContract.swift in Sources */ = {isa = PBXBuildFile; fileRef = E73BEE8A283196CF002FBEE4 /* DetailProductContract.swift */; };
		E73BEE8F283197C6002FBEE4 /* DetailProductInteractor.swift in Sources */ = {isa = PBXBuildFile; fileRef = E73BEE8E283197C6002FBEE4 /* DetailProductInteractor.swift */; };
		E73BEE91283197DB002FBEE4 /* DetailProductPresenter.swift in Sources */ = {isa = PBXBuildFile; fileRef = E73BEE90283197DB002FBEE4 /* DetailProductPresenter.swift */; };
		E76CE62C282C832A000821D3 /* SearchViewController.swift in Sources */ = {isa = PBXBuildFile; fileRef = E76CE62A282C832A000821D3 /* SearchViewController.swift */; };
		E76CE630282C83B8000821D3 /* Search.storyboard in Resources */ = {isa = PBXBuildFile; fileRef = E76CE62F282C83B8000821D3 /* Search.storyboard */; };
		E76CE634282C8662000821D3 /* ProductTableViewCell.swift in Sources */ = {isa = PBXBuildFile; fileRef = E76CE633282C8662000821D3 /* ProductTableViewCell.swift */; };
		E76CE636282C86ED000821D3 /* ProductTableViewCell.xib in Resources */ = {isa = PBXBuildFile; fileRef = E76CE635282C86ED000821D3 /* ProductTableViewCell.xib */; };
		E76CE639282C8F47000821D3 /* Product.swift in Sources */ = {isa = PBXBuildFile; fileRef = E76CE638282C8F47000821D3 /* Product.swift */; };
		E7BD6300282DDB7F0072727F /* SearchViewContract.swift in Sources */ = {isa = PBXBuildFile; fileRef = E7BD62FF282DDB7F0072727F /* SearchViewContract.swift */; };
		E7BD6302282DDCDC0072727F /* SearchViewInteractor.swift in Sources */ = {isa = PBXBuildFile; fileRef = E7BD6301282DDCDC0072727F /* SearchViewInteractor.swift */; };
		E7BD6304282DDD750072727F /* SearchViewPresenter.swift in Sources */ = {isa = PBXBuildFile; fileRef = E7BD6303282DDD750072727F /* SearchViewPresenter.swift */; };
		E7BD6306282DDF7A0072727F /* SearchViewRouter.swift in Sources */ = {isa = PBXBuildFile; fileRef = E7BD6305282DDF7A0072727F /* SearchViewRouter.swift */; };
		E7BD6309282DE4430072727F /* UITextField+Extension.swift in Sources */ = {isa = PBXBuildFile; fileRef = E7BD6308282DE4430072727F /* UITextField+Extension.swift */; };
		E7BD630D282DE6260072727F /* Constants.swift in Sources */ = {isa = PBXBuildFile; fileRef = E7BD630B282DE6260072727F /* Constants.swift */; };
		E7BD630E282DE6260072727F /* ManageConnections.swift in Sources */ = {isa = PBXBuildFile; fileRef = E7BD630C282DE6260072727F /* ManageConnections.swift */; };
		E7C7568028301E9900F3DA74 /* Double+Extension.swift in Sources */ = {isa = PBXBuildFile; fileRef = E7C7567F28301E9900F3DA74 /* Double+Extension.swift */; };
		E7C7568228301ECD00F3DA74 /* NumberFormmater+Extension.swift in Sources */ = {isa = PBXBuildFile; fileRef = E7C7568128301ECD00F3DA74 /* NumberFormmater+Extension.swift */; };
		E7C7568428301F0C00F3DA74 /* String+Extension.swift in Sources */ = {isa = PBXBuildFile; fileRef = E7C7568328301F0C00F3DA74 /* String+Extension.swift */; };
		E7C75686283030FB00F3DA74 /* UITableview+Extension.swift in Sources */ = {isa = PBXBuildFile; fileRef = E7C75685283030FB00F3DA74 /* UITableview+Extension.swift */; };
/* End PBXBuildFile section */

/* Begin PBXContainerItemProxy section */
		E702E080282C3143008898BB /* PBXContainerItemProxy */ = {
			isa = PBXContainerItemProxy;
			containerPortal = E702E061282C3141008898BB /* Project object */;
			proxyType = 1;
			remoteGlobalIDString = E702E068282C3141008898BB;
			remoteInfo = MercaApp;
		};
		E702E08A282C3143008898BB /* PBXContainerItemProxy */ = {
			isa = PBXContainerItemProxy;
			containerPortal = E702E061282C3141008898BB /* Project object */;
			proxyType = 1;
			remoteGlobalIDString = E702E068282C3141008898BB;
			remoteInfo = MercaApp;
		};
/* End PBXContainerItemProxy section */

/* Begin PBXFileReference section */
		E702E069282C3141008898BB /* MercaApp.app */ = {isa = PBXFileReference; explicitFileType = wrapper.application; includeInIndex = 0; path = MercaApp.app; sourceTree = BUILT_PRODUCTS_DIR; };
		E702E06C282C3141008898BB /* AppDelegate.swift */ = {isa = PBXFileReference; lastKnownFileType = sourcecode.swift; path = AppDelegate.swift; sourceTree = "<group>"; };
		E702E06E282C3141008898BB /* SceneDelegate.swift */ = {isa = PBXFileReference; lastKnownFileType = sourcecode.swift; path = SceneDelegate.swift; sourceTree = "<group>"; };
		E702E073282C3141008898BB /* Base */ = {isa = PBXFileReference; lastKnownFileType = file.storyboard; name = Base; path = Base.lproj/Main.storyboard; sourceTree = "<group>"; };
		E702E075282C3143008898BB /* Assets.xcassets */ = {isa = PBXFileReference; lastKnownFileType = folder.assetcatalog; path = Assets.xcassets; sourceTree = "<group>"; };
		E702E078282C3143008898BB /* Base */ = {isa = PBXFileReference; lastKnownFileType = file.storyboard; name = Base; path = Base.lproj/LaunchScreen.storyboard; sourceTree = "<group>"; };
		E702E07A282C3143008898BB /* Info.plist */ = {isa = PBXFileReference; lastKnownFileType = text.plist.xml; path = Info.plist; sourceTree = "<group>"; };
		E702E07F282C3143008898BB /* MercaAppTests.xctest */ = {isa = PBXFileReference; explicitFileType = wrapper.cfbundle; includeInIndex = 0; path = MercaAppTests.xctest; sourceTree = BUILT_PRODUCTS_DIR; };
		E702E083282C3143008898BB /* MercaAppTests.swift */ = {isa = PBXFileReference; lastKnownFileType = sourcecode.swift; path = MercaAppTests.swift; sourceTree = "<group>"; };
		E702E089282C3143008898BB /* MercaAppUITests.xctest */ = {isa = PBXFileReference; explicitFileType = wrapper.cfbundle; includeInIndex = 0; path = MercaAppUITests.xctest; sourceTree = BUILT_PRODUCTS_DIR; };
		E702E08D282C3143008898BB /* MercaAppUITests.swift */ = {isa = PBXFileReference; lastKnownFileType = sourcecode.swift; path = MercaAppUITests.swift; sourceTree = "<group>"; };
		E702E08F282C3143008898BB /* MercaAppUITestsLaunchTests.swift */ = {isa = PBXFileReference; lastKnownFileType = sourcecode.swift; path = MercaAppUITestsLaunchTests.swift; sourceTree = "<group>"; };
		E707C2F5283300FB00D504CB /* DetailProductMocks.swift */ = {isa = PBXFileReference; lastKnownFileType = sourcecode.swift; path = DetailProductMocks.swift; sourceTree = "<group>"; };
		E707C2F72833011100D504CB /* DetailProductInteractorTests.swift */ = {isa = PBXFileReference; lastKnownFileType = sourcecode.swift; path = DetailProductInteractorTests.swift; sourceTree = "<group>"; };
		E707C2FB2833014800D504CB /* DetailProductPresenterTests.swift */ = {isa = PBXFileReference; lastKnownFileType = sourcecode.swift; path = DetailProductPresenterTests.swift; sourceTree = "<group>"; };
		E707C2FD283308D400D504CB /* SearchViewMocks.swift */ = {isa = PBXFileReference; lastKnownFileType = sourcecode.swift; path = SearchViewMocks.swift; sourceTree = "<group>"; };
		E707C2FF283308E400D504CB /* SearchViewInteractorTests.swift */ = {isa = PBXFileReference; lastKnownFileType = sourcecode.swift; path = SearchViewInteractorTests.swift; sourceTree = "<group>"; };
		E707C301283308F400D504CB /* SearchViewPresenterTests.swift */ = {isa = PBXFileReference; lastKnownFileType = sourcecode.swift; path = SearchViewPresenterTests.swift; sourceTree = "<group>"; };
		E707C3042833097600D504CB /* DetailProductModel.swift */ = {isa = PBXFileReference; lastKnownFileType = sourcecode.swift; path = DetailProductModel.swift; sourceTree = "<group>"; };
		E707C3062833436500D504CB /* UIImageView+Extension.swift */ = {isa = PBXFileReference; lastKnownFileType = sourcecode.swift; path = "UIImageView+Extension.swift"; sourceTree = "<group>"; };
		E73BEE8328319638002FBEE4 /* DetailProductRouter.swift */ = {isa = PBXFileReference; lastKnownFileType = sourcecode.swift; path = DetailProductRouter.swift; sourceTree = "<group>"; };
		E73BEE852831966B002FBEE4 /* DetailProductViewController.swift */ = {isa = PBXFileReference; lastKnownFileType = sourcecode.swift; path = DetailProductViewController.swift; sourceTree = "<group>"; };
		E73BEE872831967D002FBEE4 /* DetailProductView.storyboard */ = {isa = PBXFileReference; lastKnownFileType = file.storyboard; path = DetailProductView.storyboard; sourceTree = "<group>"; };
		E73BEE8A283196CF002FBEE4 /* DetailProductContract.swift */ = {isa = PBXFileReference; lastKnownFileType = sourcecode.swift; path = DetailProductContract.swift; sourceTree = "<group>"; };
		E73BEE8E283197C6002FBEE4 /* DetailProductInteractor.swift */ = {isa = PBXFileReference; lastKnownFileType = sourcecode.swift; path = DetailProductInteractor.swift; sourceTree = "<group>"; };
		E73BEE90283197DB002FBEE4 /* DetailProductPresenter.swift */ = {isa = PBXFileReference; lastKnownFileType = sourcecode.swift; path = DetailProductPresenter.swift; sourceTree = "<group>"; };
		E76CE62A282C832A000821D3 /* SearchViewController.swift */ = {isa = PBXFileReference; lastKnownFileType = sourcecode.swift; path = SearchViewController.swift; sourceTree = "<group>"; };
		E76CE62F282C83B8000821D3 /* Search.storyboard */ = {isa = PBXFileReference; lastKnownFileType = file.storyboard; path = Search.storyboard; sourceTree = "<group>"; };
		E76CE633282C8662000821D3 /* ProductTableViewCell.swift */ = {isa = PBXFileReference; lastKnownFileType = sourcecode.swift; path = ProductTableViewCell.swift; sourceTree = "<group>"; };
		E76CE635282C86ED000821D3 /* ProductTableViewCell.xib */ = {isa = PBXFileReference; lastKnownFileType = file.xib; path = ProductTableViewCell.xib; sourceTree = "<group>"; };
		E76CE638282C8F47000821D3 /* Product.swift */ = {isa = PBXFileReference; lastKnownFileType = sourcecode.swift; path = Product.swift; sourceTree = "<group>"; };
		E7BD62FF282DDB7F0072727F /* SearchViewContract.swift */ = {isa = PBXFileReference; lastKnownFileType = sourcecode.swift; path = SearchViewContract.swift; sourceTree = "<group>"; };
		E7BD6301282DDCDC0072727F /* SearchViewInteractor.swift */ = {isa = PBXFileReference; lastKnownFileType = sourcecode.swift; path = SearchViewInteractor.swift; sourceTree = "<group>"; };
		E7BD6303282DDD750072727F /* SearchViewPresenter.swift */ = {isa = PBXFileReference; lastKnownFileType = sourcecode.swift; path = SearchViewPresenter.swift; sourceTree = "<group>"; };
		E7BD6305282DDF7A0072727F /* SearchViewRouter.swift */ = {isa = PBXFileReference; lastKnownFileType = sourcecode.swift; path = SearchViewRouter.swift; sourceTree = "<group>"; };
		E7BD6308282DE4430072727F /* UITextField+Extension.swift */ = {isa = PBXFileReference; lastKnownFileType = sourcecode.swift; path = "UITextField+Extension.swift"; sourceTree = "<group>"; };
		E7BD630B282DE6260072727F /* Constants.swift */ = {isa = PBXFileReference; fileEncoding = 4; lastKnownFileType = sourcecode.swift; path = Constants.swift; sourceTree = "<group>"; };
		E7BD630C282DE6260072727F /* ManageConnections.swift */ = {isa = PBXFileReference; fileEncoding = 4; lastKnownFileType = sourcecode.swift; path = ManageConnections.swift; sourceTree = "<group>"; };
		E7C7567F28301E9900F3DA74 /* Double+Extension.swift */ = {isa = PBXFileReference; lastKnownFileType = sourcecode.swift; path = "Double+Extension.swift"; sourceTree = "<group>"; };
		E7C7568128301ECD00F3DA74 /* NumberFormmater+Extension.swift */ = {isa = PBXFileReference; lastKnownFileType = sourcecode.swift; path = "NumberFormmater+Extension.swift"; sourceTree = "<group>"; };
		E7C7568328301F0C00F3DA74 /* String+Extension.swift */ = {isa = PBXFileReference; lastKnownFileType = sourcecode.swift; path = "String+Extension.swift"; sourceTree = "<group>"; };
		E7C75685283030FB00F3DA74 /* UITableview+Extension.swift */ = {isa = PBXFileReference; lastKnownFileType = sourcecode.swift; path = "UITableview+Extension.swift"; sourceTree = "<group>"; };
/* End PBXFileReference section */

/* Begin PBXFrameworksBuildPhase section */
		E702E066282C3141008898BB /* Frameworks */ = {
			isa = PBXFrameworksBuildPhase;
			buildActionMask = 2147483647;
			files = (
			);
			runOnlyForDeploymentPostprocessing = 0;
		};
		E702E07C282C3143008898BB /* Frameworks */ = {
			isa = PBXFrameworksBuildPhase;
			buildActionMask = 2147483647;
			files = (
			);
			runOnlyForDeploymentPostprocessing = 0;
		};
		E702E086282C3143008898BB /* Frameworks */ = {
			isa = PBXFrameworksBuildPhase;
			buildActionMask = 2147483647;
			files = (
			);
			runOnlyForDeploymentPostprocessing = 0;
		};
/* End PBXFrameworksBuildPhase section */

/* Begin PBXGroup section */
		E702E060282C3141008898BB = {
			isa = PBXGroup;
			children = (
				E702E06B282C3141008898BB /* MercaApp */,
				E702E082282C3143008898BB /* MercaAppTests */,
				E702E08C282C3143008898BB /* MercaAppUITests */,
				E702E06A282C3141008898BB /* Products */,
			);
			sourceTree = "<group>";
		};
		E702E06A282C3141008898BB /* Products */ = {
			isa = PBXGroup;
			children = (
				E702E069282C3141008898BB /* MercaApp.app */,
				E702E07F282C3143008898BB /* MercaAppTests.xctest */,
				E702E089282C3143008898BB /* MercaAppUITests.xctest */,
			);
			name = Products;
			sourceTree = "<group>";
		};
		E702E06B282C3141008898BB /* MercaApp */ = {
			isa = PBXGroup;
			children = (
				E7BD630A282DE5980072727F /* Resources */,
				E7BD6307282DE40A0072727F /* Extensions */,
				E76CE621282C81DF000821D3 /* Modules */,
				E702E06C282C3141008898BB /* AppDelegate.swift */,
				E702E06E282C3141008898BB /* SceneDelegate.swift */,
				E702E072282C3141008898BB /* Main.storyboard */,
				E702E075282C3143008898BB /* Assets.xcassets */,
				E702E077282C3143008898BB /* LaunchScreen.storyboard */,
				E702E07A282C3143008898BB /* Info.plist */,
			);
			path = MercaApp;
			sourceTree = "<group>";
		};
		E702E082282C3143008898BB /* MercaAppTests */ = {
			isa = PBXGroup;
			children = (
				E707C2F2283300BB00D504CB /* Modules */,
				E702E083282C3143008898BB /* MercaAppTests.swift */,
			);
			path = MercaAppTests;
			sourceTree = "<group>";
		};
		E702E08C282C3143008898BB /* MercaAppUITests */ = {
			isa = PBXGroup;
			children = (
				E702E08D282C3143008898BB /* MercaAppUITests.swift */,
				E702E08F282C3143008898BB /* MercaAppUITestsLaunchTests.swift */,
			);
			path = MercaAppUITests;
			sourceTree = "<group>";
		};
		E707C2F2283300BB00D504CB /* Modules */ = {
			isa = PBXGroup;
			children = (
				E707C2F4283300D500D504CB /* DetailProduct */,
				E707C2F3283300C300D504CB /* SearchView */,
			);
			path = Modules;
			sourceTree = "<group>";
		};
		E707C2F3283300C300D504CB /* SearchView */ = {
			isa = PBXGroup;
			children = (
				E707C2FD283308D400D504CB /* SearchViewMocks.swift */,
				E707C2FF283308E400D504CB /* SearchViewInteractorTests.swift */,
				E707C301283308F400D504CB /* SearchViewPresenterTests.swift */,
			);
			path = SearchView;
			sourceTree = "<group>";
		};
		E707C2F4283300D500D504CB /* DetailProduct */ = {
			isa = PBXGroup;
			children = (
				E707C2F5283300FB00D504CB /* DetailProductMocks.swift */,
				E707C2F72833011100D504CB /* DetailProductInteractorTests.swift */,
				E707C2FB2833014800D504CB /* DetailProductPresenterTests.swift */,
			);
			path = DetailProduct;
			sourceTree = "<group>";
		};
		E707C3032833096100D504CB /* Model */ = {
			isa = PBXGroup;
			children = (
				E707C3042833097600D504CB /* DetailProductModel.swift */,
			);
			path = Model;
			sourceTree = "<group>";
		};
		E73BEE8128319621002FBEE4 /* View */ = {
			isa = PBXGroup;
			children = (
				E73BEE852831966B002FBEE4 /* DetailProductViewController.swift */,
				E73BEE872831967D002FBEE4 /* DetailProductView.storyboard */,
			);
			path = View;
			sourceTree = "<group>";
		};
		E73BEE8228319627002FBEE4 /* Router */ = {
			isa = PBXGroup;
			children = (
				E73BEE8328319638002FBEE4 /* DetailProductRouter.swift */,
			);
			path = Router;
			sourceTree = "<group>";
		};
		E73BEE89283196BA002FBEE4 /* Protocols */ = {
			isa = PBXGroup;
			children = (
				E73BEE8A283196CF002FBEE4 /* DetailProductContract.swift */,
			);
			path = Protocols;
			sourceTree = "<group>";
		};
		E73BEE8C28319793002FBEE4 /* Interactor */ = {
			isa = PBXGroup;
			children = (
				E73BEE8E283197C6002FBEE4 /* DetailProductInteractor.swift */,
			);
			path = Interactor;
			sourceTree = "<group>";
		};
		E73BEE8D283197A0002FBEE4 /* Presenter */ = {
			isa = PBXGroup;
			children = (
				E73BEE90283197DB002FBEE4 /* DetailProductPresenter.swift */,
			);
			path = Presenter;
			sourceTree = "<group>";
		};
		E76CE621282C81DF000821D3 /* Modules */ = {
			isa = PBXGroup;
			children = (
				E76CE622282C81F2000821D3 /* Search */,
			);
			path = Modules;
			sourceTree = "<group>";
		};
		E76CE622282C81F2000821D3 /* Search */ = {
			isa = PBXGroup;
			children = (
				E76CE624282C821E000821D3 /* DetailProduct */,
				E76CE623282C820B000821D3 /* SearchView */,
			);
			path = Search;
			sourceTree = "<group>";
		};
		E76CE623282C820B000821D3 /* SearchView */ = {
			isa = PBXGroup;
			children = (
				E76CE637282C8F35000821D3 /* Model */,
				E76CE625282C823A000821D3 /* Protocols */,
				E76CE627282C824A000821D3 /* Router */,
				E76CE626282C8242000821D3 /* View */,
				E76CE628282C8253000821D3 /* Interactor */,
				E76CE629282C826B000821D3 /* Presenter */,
			);
			path = SearchView;
			sourceTree = "<group>";
		};
		E76CE624282C821E000821D3 /* DetailProduct */ = {
			isa = PBXGroup;
			children = (
				E707C3032833096100D504CB /* Model */,
				E73BEE89283196BA002FBEE4 /* Protocols */,
				E73BEE8228319627002FBEE4 /* Router */,
				E73BEE8128319621002FBEE4 /* View */,
				E73BEE8C28319793002FBEE4 /* Interactor */,
				E73BEE8D283197A0002FBEE4 /* Presenter */,
			);
			path = DetailProduct;
			sourceTree = "<group>";
		};
		E76CE625282C823A000821D3 /* Protocols */ = {
			isa = PBXGroup;
			children = (
				E7BD62FF282DDB7F0072727F /* SearchViewContract.swift */,
			);
			path = Protocols;
			sourceTree = "<group>";
		};
		E76CE626282C8242000821D3 /* View */ = {
			isa = PBXGroup;
			children = (
				E76CE631282C8634000821D3 /* TableviewCell */,
				E76CE62A282C832A000821D3 /* SearchViewController.swift */,
				E76CE62F282C83B8000821D3 /* Search.storyboard */,
			);
			path = View;
			sourceTree = "<group>";
		};
		E76CE627282C824A000821D3 /* Router */ = {
			isa = PBXGroup;
			children = (
				E7BD6305282DDF7A0072727F /* SearchViewRouter.swift */,
			);
			path = Router;
			sourceTree = "<group>";
		};
		E76CE628282C8253000821D3 /* Interactor */ = {
			isa = PBXGroup;
			children = (
				E7BD6301282DDCDC0072727F /* SearchViewInteractor.swift */,
			);
			path = Interactor;
			sourceTree = "<group>";
		};
		E76CE629282C826B000821D3 /* Presenter */ = {
			isa = PBXGroup;
			children = (
				E7BD6303282DDD750072727F /* SearchViewPresenter.swift */,
			);
			path = Presenter;
			sourceTree = "<group>";
		};
		E76CE631282C8634000821D3 /* TableviewCell */ = {
			isa = PBXGroup;
			children = (
				E76CE633282C8662000821D3 /* ProductTableViewCell.swift */,
				E76CE635282C86ED000821D3 /* ProductTableViewCell.xib */,
			);
			path = TableviewCell;
			sourceTree = "<group>";
		};
		E76CE637282C8F35000821D3 /* Model */ = {
			isa = PBXGroup;
			children = (
				E76CE638282C8F47000821D3 /* Product.swift */,
			);
			path = Model;
			sourceTree = "<group>";
		};
		E7BD6307282DE40A0072727F /* Extensions */ = {
			isa = PBXGroup;
			children = (
				E7BD6308282DE4430072727F /* UITextField+Extension.swift */,
				E7C7567F28301E9900F3DA74 /* Double+Extension.swift */,
				E7C7568128301ECD00F3DA74 /* NumberFormmater+Extension.swift */,
				E7C7568328301F0C00F3DA74 /* String+Extension.swift */,
				E7C75685283030FB00F3DA74 /* UITableview+Extension.swift */,
				E707C3062833436500D504CB /* UIImageView+Extension.swift */,
			);
			path = Extensions;
			sourceTree = "<group>";
		};
		E7BD630A282DE5980072727F /* Resources */ = {
			isa = PBXGroup;
			children = (
				E7BD630B282DE6260072727F /* Constants.swift */,
				E7BD630C282DE6260072727F /* ManageConnections.swift */,
			);
			path = Resources;
			sourceTree = "<group>";
		};
/* End PBXGroup section */

/* Begin PBXNativeTarget section */
		E702E068282C3141008898BB /* MercaApp */ = {
			isa = PBXNativeTarget;
			buildConfigurationList = E702E093282C3143008898BB /* Build configuration list for PBXNativeTarget "MercaApp" */;
			buildPhases = (
				E702E065282C3141008898BB /* Sources */,
				E702E066282C3141008898BB /* Frameworks */,
				E702E067282C3141008898BB /* Resources */,
			);
			buildRules = (
			);
			dependencies = (
			);
			name = MercaApp;
			productName = MercaApp;
			productReference = E702E069282C3141008898BB /* MercaApp.app */;
			productType = "com.apple.product-type.application";
		};
		E702E07E282C3143008898BB /* MercaAppTests */ = {
			isa = PBXNativeTarget;
			buildConfigurationList = E702E096282C3143008898BB /* Build configuration list for PBXNativeTarget "MercaAppTests" */;
			buildPhases = (
				E702E07B282C3143008898BB /* Sources */,
				E702E07C282C3143008898BB /* Frameworks */,
				E702E07D282C3143008898BB /* Resources */,
			);
			buildRules = (
			);
			dependencies = (
				E702E081282C3143008898BB /* PBXTargetDependency */,
			);
			name = MercaAppTests;
			productName = MercaAppTests;
			productReference = E702E07F282C3143008898BB /* MercaAppTests.xctest */;
			productType = "com.apple.product-type.bundle.unit-test";
		};
		E702E088282C3143008898BB /* MercaAppUITests */ = {
			isa = PBXNativeTarget;
			buildConfigurationList = E702E099282C3143008898BB /* Build configuration list for PBXNativeTarget "MercaAppUITests" */;
			buildPhases = (
				E702E085282C3143008898BB /* Sources */,
				E702E086282C3143008898BB /* Frameworks */,
				E702E087282C3143008898BB /* Resources */,
			);
			buildRules = (
			);
			dependencies = (
				E702E08B282C3143008898BB /* PBXTargetDependency */,
			);
			name = MercaAppUITests;
			productName = MercaAppUITests;
			productReference = E702E089282C3143008898BB /* MercaAppUITests.xctest */;
			productType = "com.apple.product-type.bundle.ui-testing";
		};
/* End PBXNativeTarget section */

/* Begin PBXProject section */
		E702E061282C3141008898BB /* Project object */ = {
			isa = PBXProject;
			attributes = {
				BuildIndependentTargetsInParallel = 1;
				LastSwiftUpdateCheck = 1300;
				LastUpgradeCheck = 1300;
				TargetAttributes = {
					E702E068282C3141008898BB = {
						CreatedOnToolsVersion = 13.0;
					};
					E702E07E282C3143008898BB = {
						CreatedOnToolsVersion = 13.0;
						TestTargetID = E702E068282C3141008898BB;
					};
					E702E088282C3143008898BB = {
						CreatedOnToolsVersion = 13.0;
						TestTargetID = E702E068282C3141008898BB;
					};
				};
			};
			buildConfigurationList = E702E064282C3141008898BB /* Build configuration list for PBXProject "MercaApp" */;
			compatibilityVersion = "Xcode 13.0";
			developmentRegion = en;
			hasScannedForEncodings = 0;
			knownRegions = (
				en,
				Base,
			);
			mainGroup = E702E060282C3141008898BB;
			productRefGroup = E702E06A282C3141008898BB /* Products */;
			projectDirPath = "";
			projectRoot = "";
			targets = (
				E702E068282C3141008898BB /* MercaApp */,
				E702E07E282C3143008898BB /* MercaAppTests */,
				E702E088282C3143008898BB /* MercaAppUITests */,
			);
		};
/* End PBXProject section */

/* Begin PBXResourcesBuildPhase section */
		E702E067282C3141008898BB /* Resources */ = {
			isa = PBXResourcesBuildPhase;
			buildActionMask = 2147483647;
			files = (
				E73BEE882831967D002FBEE4 /* DetailProductView.storyboard in Resources */,
				E702E079282C3143008898BB /* LaunchScreen.storyboard in Resources */,
				E702E076282C3143008898BB /* Assets.xcassets in Resources */,
				E76CE636282C86ED000821D3 /* ProductTableViewCell.xib in Resources */,
				E76CE630282C83B8000821D3 /* Search.storyboard in Resources */,
				E702E074282C3141008898BB /* Main.storyboard in Resources */,
			);
			runOnlyForDeploymentPostprocessing = 0;
		};
		E702E07D282C3143008898BB /* Resources */ = {
			isa = PBXResourcesBuildPhase;
			buildActionMask = 2147483647;
			files = (
			);
			runOnlyForDeploymentPostprocessing = 0;
		};
		E702E087282C3143008898BB /* Resources */ = {
			isa = PBXResourcesBuildPhase;
			buildActionMask = 2147483647;
			files = (
			);
			runOnlyForDeploymentPostprocessing = 0;
		};
/* End PBXResourcesBuildPhase section */

/* Begin PBXSourcesBuildPhase section */
		E702E065282C3141008898BB /* Sources */ = {
			isa = PBXSourcesBuildPhase;
			buildActionMask = 2147483647;
			files = (
				E7BD6302282DDCDC0072727F /* SearchViewInteractor.swift in Sources */,
				E7BD630D282DE6260072727F /* Constants.swift in Sources */,
				E702E06D282C3141008898BB /* AppDelegate.swift in Sources */,
				E73BEE8B283196CF002FBEE4 /* DetailProductContract.swift in Sources */,
				E707C3072833436500D504CB /* UIImageView+Extension.swift in Sources */,
				E707C3052833097600D504CB /* DetailProductModel.swift in Sources */,
				E76CE634282C8662000821D3 /* ProductTableViewCell.swift in Sources */,
				E7C7568228301ECD00F3DA74 /* NumberFormmater+Extension.swift in Sources */,
				E7C7568028301E9900F3DA74 /* Double+Extension.swift in Sources */,
				E7BD6304282DDD750072727F /* SearchViewPresenter.swift in Sources */,
				E76CE62C282C832A000821D3 /* SearchViewController.swift in Sources */,
				E73BEE8428319638002FBEE4 /* DetailProductRouter.swift in Sources */,
				E7BD630E282DE6260072727F /* ManageConnections.swift in Sources */,
				E73BEE91283197DB002FBEE4 /* DetailProductPresenter.swift in Sources */,
				E7BD6309282DE4430072727F /* UITextField+Extension.swift in Sources */,
				E702E06F282C3141008898BB /* SceneDelegate.swift in Sources */,
				E76CE639282C8F47000821D3 /* Product.swift in Sources */,
				E7BD6300282DDB7F0072727F /* SearchViewContract.swift in Sources */,
				E7C7568428301F0C00F3DA74 /* String+Extension.swift in Sources */,
				E73BEE862831966B002FBEE4 /* DetailProductViewController.swift in Sources */,
				E7BD6306282DDF7A0072727F /* SearchViewRouter.swift in Sources */,
				E7C75686283030FB00F3DA74 /* UITableview+Extension.swift in Sources */,
				E73BEE8F283197C6002FBEE4 /* DetailProductInteractor.swift in Sources */,
			);
			runOnlyForDeploymentPostprocessing = 0;
		};
		E702E07B282C3143008898BB /* Sources */ = {
			isa = PBXSourcesBuildPhase;
			buildActionMask = 2147483647;
			files = (
				E707C2FE283308D400D504CB /* SearchViewMocks.swift in Sources */,
				E707C2F6283300FB00D504CB /* DetailProductMocks.swift in Sources */,
				E707C302283308F400D504CB /* SearchViewPresenterTests.swift in Sources */,
				E707C2FC2833014800D504CB /* DetailProductPresenterTests.swift in Sources */,
				E707C300283308E400D504CB /* SearchViewInteractorTests.swift in Sources */,
				E707C2F82833011100D504CB /* DetailProductInteractorTests.swift in Sources */,
				E702E084282C3143008898BB /* MercaAppTests.swift in Sources */,
			);
			runOnlyForDeploymentPostprocessing = 0;
		};
		E702E085282C3143008898BB /* Sources */ = {
			isa = PBXSourcesBuildPhase;
			buildActionMask = 2147483647;
			files = (
				E702E090282C3143008898BB /* MercaAppUITestsLaunchTests.swift in Sources */,
				E702E08E282C3143008898BB /* MercaAppUITests.swift in Sources */,
			);
			runOnlyForDeploymentPostprocessing = 0;
		};
/* End PBXSourcesBuildPhase section */

/* Begin PBXTargetDependency section */
		E702E081282C3143008898BB /* PBXTargetDependency */ = {
			isa = PBXTargetDependency;
			target = E702E068282C3141008898BB /* MercaApp */;
			targetProxy = E702E080282C3143008898BB /* PBXContainerItemProxy */;
		};
		E702E08B282C3143008898BB /* PBXTargetDependency */ = {
			isa = PBXTargetDependency;
			target = E702E068282C3141008898BB /* MercaApp */;
			targetProxy = E702E08A282C3143008898BB /* PBXContainerItemProxy */;
		};
/* End PBXTargetDependency section */

/* Begin PBXVariantGroup section */
		E702E072282C3141008898BB /* Main.storyboard */ = {
			isa = PBXVariantGroup;
			children = (
				E702E073282C3141008898BB /* Base */,
			);
			name = Main.storyboard;
			sourceTree = "<group>";
		};
		E702E077282C3143008898BB /* LaunchScreen.storyboard */ = {
			isa = PBXVariantGroup;
			children = (
				E702E078282C3143008898BB /* Base */,
			);
			name = LaunchScreen.storyboard;
			sourceTree = "<group>";
		};
/* End PBXVariantGroup section */

/* Begin XCBuildConfiguration section */
		E702E091282C3143008898BB /* Debug */ = {
			isa = XCBuildConfiguration;
			buildSettings = {
				ALWAYS_SEARCH_USER_PATHS = NO;
				CLANG_ANALYZER_NONNULL = YES;
				CLANG_ANALYZER_NUMBER_OBJECT_CONVERSION = YES_AGGRESSIVE;
				CLANG_CXX_LANGUAGE_STANDARD = "gnu++17";
				CLANG_CXX_LIBRARY = "libc++";
				CLANG_ENABLE_MODULES = YES;
				CLANG_ENABLE_OBJC_ARC = YES;
				CLANG_ENABLE_OBJC_WEAK = YES;
				CLANG_WARN_BLOCK_CAPTURE_AUTORELEASING = YES;
				CLANG_WARN_BOOL_CONVERSION = YES;
				CLANG_WARN_COMMA = YES;
				CLANG_WARN_CONSTANT_CONVERSION = YES;
				CLANG_WARN_DEPRECATED_OBJC_IMPLEMENTATIONS = YES;
				CLANG_WARN_DIRECT_OBJC_ISA_USAGE = YES_ERROR;
				CLANG_WARN_DOCUMENTATION_COMMENTS = YES;
				CLANG_WARN_EMPTY_BODY = YES;
				CLANG_WARN_ENUM_CONVERSION = YES;
				CLANG_WARN_INFINITE_RECURSION = YES;
				CLANG_WARN_INT_CONVERSION = YES;
				CLANG_WARN_NON_LITERAL_NULL_CONVERSION = YES;
				CLANG_WARN_OBJC_IMPLICIT_RETAIN_SELF = YES;
				CLANG_WARN_OBJC_LITERAL_CONVERSION = YES;
				CLANG_WARN_OBJC_ROOT_CLASS = YES_ERROR;
				CLANG_WARN_QUOTED_INCLUDE_IN_FRAMEWORK_HEADER = YES;
				CLANG_WARN_RANGE_LOOP_ANALYSIS = YES;
				CLANG_WARN_STRICT_PROTOTYPES = YES;
				CLANG_WARN_SUSPICIOUS_MOVE = YES;
				CLANG_WARN_UNGUARDED_AVAILABILITY = YES_AGGRESSIVE;
				CLANG_WARN_UNREACHABLE_CODE = YES;
				CLANG_WARN__DUPLICATE_METHOD_MATCH = YES;
				COPY_PHASE_STRIP = NO;
				DEBUG_INFORMATION_FORMAT = dwarf;
				ENABLE_STRICT_OBJC_MSGSEND = YES;
				ENABLE_TESTABILITY = YES;
				GCC_C_LANGUAGE_STANDARD = gnu11;
				GCC_DYNAMIC_NO_PIC = NO;
				GCC_NO_COMMON_BLOCKS = YES;
				GCC_OPTIMIZATION_LEVEL = 0;
				GCC_PREPROCESSOR_DEFINITIONS = (
					"DEBUG=1",
					"$(inherited)",
				);
				GCC_WARN_64_TO_32_BIT_CONVERSION = YES;
				GCC_WARN_ABOUT_RETURN_TYPE = YES_ERROR;
				GCC_WARN_UNDECLARED_SELECTOR = YES;
				GCC_WARN_UNINITIALIZED_AUTOS = YES_AGGRESSIVE;
				GCC_WARN_UNUSED_FUNCTION = YES;
				GCC_WARN_UNUSED_VARIABLE = YES;
				IPHONEOS_DEPLOYMENT_TARGET = 15.0;
				MTL_ENABLE_DEBUG_INFO = INCLUDE_SOURCE;
				MTL_FAST_MATH = YES;
				ONLY_ACTIVE_ARCH = YES;
				SDKROOT = iphoneos;
				SWIFT_ACTIVE_COMPILATION_CONDITIONS = DEBUG;
				SWIFT_OPTIMIZATION_LEVEL = "-Onone";
			};
			name = Debug;
		};
		E702E092282C3143008898BB /* Release */ = {
			isa = XCBuildConfiguration;
			buildSettings = {
				ALWAYS_SEARCH_USER_PATHS = NO;
				CLANG_ANALYZER_NONNULL = YES;
				CLANG_ANALYZER_NUMBER_OBJECT_CONVERSION = YES_AGGRESSIVE;
				CLANG_CXX_LANGUAGE_STANDARD = "gnu++17";
				CLANG_CXX_LIBRARY = "libc++";
				CLANG_ENABLE_MODULES = YES;
				CLANG_ENABLE_OBJC_ARC = YES;
				CLANG_ENABLE_OBJC_WEAK = YES;
				CLANG_WARN_BLOCK_CAPTURE_AUTORELEASING = YES;
				CLANG_WARN_BOOL_CONVERSION = YES;
				CLANG_WARN_COMMA = YES;
				CLANG_WARN_CONSTANT_CONVERSION = YES;
				CLANG_WARN_DEPRECATED_OBJC_IMPLEMENTATIONS = YES;
				CLANG_WARN_DIRECT_OBJC_ISA_USAGE = YES_ERROR;
				CLANG_WARN_DOCUMENTATION_COMMENTS = YES;
				CLANG_WARN_EMPTY_BODY = YES;
				CLANG_WARN_ENUM_CONVERSION = YES;
				CLANG_WARN_INFINITE_RECURSION = YES;
				CLANG_WARN_INT_CONVERSION = YES;
				CLANG_WARN_NON_LITERAL_NULL_CONVERSION = YES;
				CLANG_WARN_OBJC_IMPLICIT_RETAIN_SELF = YES;
				CLANG_WARN_OBJC_LITERAL_CONVERSION = YES;
				CLANG_WARN_OBJC_ROOT_CLASS = YES_ERROR;
				CLANG_WARN_QUOTED_INCLUDE_IN_FRAMEWORK_HEADER = YES;
				CLANG_WARN_RANGE_LOOP_ANALYSIS = YES;
				CLANG_WARN_STRICT_PROTOTYPES = YES;
				CLANG_WARN_SUSPICIOUS_MOVE = YES;
				CLANG_WARN_UNGUARDED_AVAILABILITY = YES_AGGRESSIVE;
				CLANG_WARN_UNREACHABLE_CODE = YES;
				CLANG_WARN__DUPLICATE_METHOD_MATCH = YES;
				COPY_PHASE_STRIP = NO;
				DEBUG_INFORMATION_FORMAT = "dwarf-with-dsym";
				ENABLE_NS_ASSERTIONS = NO;
				ENABLE_STRICT_OBJC_MSGSEND = YES;
				GCC_C_LANGUAGE_STANDARD = gnu11;
				GCC_NO_COMMON_BLOCKS = YES;
				GCC_WARN_64_TO_32_BIT_CONVERSION = YES;
				GCC_WARN_ABOUT_RETURN_TYPE = YES_ERROR;
				GCC_WARN_UNDECLARED_SELECTOR = YES;
				GCC_WARN_UNINITIALIZED_AUTOS = YES_AGGRESSIVE;
				GCC_WARN_UNUSED_FUNCTION = YES;
				GCC_WARN_UNUSED_VARIABLE = YES;
				IPHONEOS_DEPLOYMENT_TARGET = 15.0;
				MTL_ENABLE_DEBUG_INFO = NO;
				MTL_FAST_MATH = YES;
				SDKROOT = iphoneos;
				SWIFT_COMPILATION_MODE = wholemodule;
				SWIFT_OPTIMIZATION_LEVEL = "-O";
				VALIDATE_PRODUCT = YES;
			};
			name = Release;
		};
		E702E094282C3143008898BB /* Debug */ = {
			isa = XCBuildConfiguration;
			buildSettings = {
				ASSETCATALOG_COMPILER_APPICON_NAME = AppIcon;
				ASSETCATALOG_COMPILER_GLOBAL_ACCENT_COLOR_NAME = AccentColor;
				CODE_SIGN_STYLE = Automatic;
				CURRENT_PROJECT_VERSION = 1;
				GENERATE_INFOPLIST_FILE = YES;
				INFOPLIST_FILE = MercaApp/Info.plist;
				INFOPLIST_KEY_UIApplicationSupportsIndirectInputEvents = YES;
				INFOPLIST_KEY_UILaunchStoryboardName = LaunchScreen;
				INFOPLIST_KEY_UISupportedInterfaceOrientations = "UIInterfaceOrientationPortrait UIInterfaceOrientationLandscapeLeft UIInterfaceOrientationLandscapeRight";
				INFOPLIST_KEY_UISupportedInterfaceOrientations_iPad = "UIInterfaceOrientationPortrait UIInterfaceOrientationPortraitUpsideDown UIInterfaceOrientationLandscapeLeft UIInterfaceOrientationLandscapeRight";
				INFOPLIST_KEY_UISupportedInterfaceOrientations_iPhone = "UIInterfaceOrientationPortrait UIInterfaceOrientationLandscapeLeft UIInterfaceOrientationLandscapeRight";
				LD_RUNPATH_SEARCH_PATHS = (
					"$(inherited)",
					"@executable_path/Frameworks",
				);
				MARKETING_VERSION = 1.0;
				PRODUCT_BUNDLE_IDENTIFIER = test.MercaApp;
				PRODUCT_NAME = "$(TARGET_NAME)";
				SWIFT_EMIT_LOC_STRINGS = YES;
				SWIFT_VERSION = 5.0;
				TARGETED_DEVICE_FAMILY = 1;
			};
			name = Debug;
		};
		E702E095282C3143008898BB /* Release */ = {
			isa = XCBuildConfiguration;
			buildSettings = {
				ASSETCATALOG_COMPILER_APPICON_NAME = AppIcon;
				ASSETCATALOG_COMPILER_GLOBAL_ACCENT_COLOR_NAME = AccentColor;
				CODE_SIGN_STYLE = Automatic;
				CURRENT_PROJECT_VERSION = 1;
				GENERATE_INFOPLIST_FILE = YES;
				INFOPLIST_FILE = MercaApp/Info.plist;
				INFOPLIST_KEY_UIApplicationSupportsIndirectInputEvents = YES;
				INFOPLIST_KEY_UILaunchStoryboardName = LaunchScreen;
				INFOPLIST_KEY_UISupportedInterfaceOrientations = "UIInterfaceOrientationPortrait UIInterfaceOrientationLandscapeLeft UIInterfaceOrientationLandscapeRight";
				INFOPLIST_KEY_UISupportedInterfaceOrientations_iPad = "UIInterfaceOrientationPortrait UIInterfaceOrientationPortraitUpsideDown UIInterfaceOrientationLandscapeLeft UIInterfaceOrientationLandscapeRight";
				INFOPLIST_KEY_UISupportedInterfaceOrientations_iPhone = "UIInterfaceOrientationPortrait UIInterfaceOrientationLandscapeLeft UIInterfaceOrientationLandscapeRight";
				LD_RUNPATH_SEARCH_PATHS = (
					"$(inherited)",
					"@executable_path/Frameworks",
				);
				MARKETING_VERSION = 1.0;
				PRODUCT_BUNDLE_IDENTIFIER = test.MercaApp;
				PRODUCT_NAME = "$(TARGET_NAME)";
				SWIFT_EMIT_LOC_STRINGS = YES;
				SWIFT_VERSION = 5.0;
				TARGETED_DEVICE_FAMILY = 1;
			};
			name = Release;
		};
		E702E097282C3143008898BB /* Debug */ = {
			isa = XCBuildConfiguration;
			buildSettings = {
				ALWAYS_EMBED_SWIFT_STANDARD_LIBRARIES = YES;
				BUNDLE_LOADER = "$(TEST_HOST)";
				CODE_SIGN_STYLE = Automatic;
				CURRENT_PROJECT_VERSION = 1;
				GENERATE_INFOPLIST_FILE = YES;
				IPHONEOS_DEPLOYMENT_TARGET = 15.0;
				LD_RUNPATH_SEARCH_PATHS = (
					"$(inherited)",
					"@executable_path/Frameworks",
					"@loader_path/Frameworks",
				);
				MARKETING_VERSION = 1.0;
				PRODUCT_BUNDLE_IDENTIFIER = test.MercaAppTests;
				PRODUCT_NAME = "$(TARGET_NAME)";
				SWIFT_EMIT_LOC_STRINGS = NO;
				SWIFT_VERSION = 5.0;
				TARGETED_DEVICE_FAMILY = "1,2";
				TEST_HOST = "$(BUILT_PRODUCTS_DIR)/MercaApp.app/MercaApp";
			};
			name = Debug;
		};
		E702E098282C3143008898BB /* Release */ = {
			isa = XCBuildConfiguration;
			buildSettings = {
				ALWAYS_EMBED_SWIFT_STANDARD_LIBRARIES = YES;
				BUNDLE_LOADER = "$(TEST_HOST)";
				CODE_SIGN_STYLE = Automatic;
				CURRENT_PROJECT_VERSION = 1;
				GENERATE_INFOPLIST_FILE = YES;
				IPHONEOS_DEPLOYMENT_TARGET = 15.0;
				LD_RUNPATH_SEARCH_PATHS = (
					"$(inherited)",
					"@executable_path/Frameworks",
					"@loader_path/Frameworks",
				);
				MARKETING_VERSION = 1.0;
				PRODUCT_BUNDLE_IDENTIFIER = test.MercaAppTests;
				PRODUCT_NAME = "$(TARGET_NAME)";
				SWIFT_EMIT_LOC_STRINGS = NO;
				SWIFT_VERSION = 5.0;
				TARGETED_DEVICE_FAMILY = "1,2";
				TEST_HOST = "$(BUILT_PRODUCTS_DIR)/MercaApp.app/MercaApp";
			};
			name = Release;
		};
		E702E09A282C3143008898BB /* Debug */ = {
			isa = XCBuildConfiguration;
			buildSettings = {
				ALWAYS_EMBED_SWIFT_STANDARD_LIBRARIES = YES;
				CODE_SIGN_STYLE = Automatic;
				CURRENT_PROJECT_VERSION = 1;
				GENERATE_INFOPLIST_FILE = YES;
				LD_RUNPATH_SEARCH_PATHS = (
					"$(inherited)",
					"@executable_path/Frameworks",
					"@loader_path/Frameworks",
				);
				MARKETING_VERSION = 1.0;
				PRODUCT_BUNDLE_IDENTIFIER = test.MercaAppUITests;
				PRODUCT_NAME = "$(TARGET_NAME)";
				SWIFT_EMIT_LOC_STRINGS = NO;
				SWIFT_VERSION = 5.0;
				TARGETED_DEVICE_FAMILY = "1,2";
				TEST_TARGET_NAME = MercaApp;
			};
			name = Debug;
		};
		E702E09B282C3143008898BB /* Release */ = {
			isa = XCBuildConfiguration;
			buildSettings = {
				ALWAYS_EMBED_SWIFT_STANDARD_LIBRARIES = YES;
				CODE_SIGN_STYLE = Automatic;
				CURRENT_PROJECT_VERSION = 1;
				GENERATE_INFOPLIST_FILE = YES;
				LD_RUNPATH_SEARCH_PATHS = (
					"$(inherited)",
					"@executable_path/Frameworks",
					"@loader_path/Frameworks",
				);
				MARKETING_VERSION = 1.0;
				PRODUCT_BUNDLE_IDENTIFIER = test.MercaAppUITests;
				PRODUCT_NAME = "$(TARGET_NAME)";
				SWIFT_EMIT_LOC_STRINGS = NO;
				SWIFT_VERSION = 5.0;
				TARGETED_DEVICE_FAMILY = "1,2";
				TEST_TARGET_NAME = MercaApp;
			};
			name = Release;
		};
/* End XCBuildConfiguration section */

/* Begin XCConfigurationList section */
		E702E064282C3141008898BB /* Build configuration list for PBXProject "MercaApp" */ = {
			isa = XCConfigurationList;
			buildConfigurations = (
				E702E091282C3143008898BB /* Debug */,
				E702E092282C3143008898BB /* Release */,
			);
			defaultConfigurationIsVisible = 0;
			defaultConfigurationName = Release;
		};
		E702E093282C3143008898BB /* Build configuration list for PBXNativeTarget "MercaApp" */ = {
			isa = XCConfigurationList;
			buildConfigurations = (
				E702E094282C3143008898BB /* Debug */,
				E702E095282C3143008898BB /* Release */,
			);
			defaultConfigurationIsVisible = 0;
			defaultConfigurationName = Release;
		};
		E702E096282C3143008898BB /* Build configuration list for PBXNativeTarget "MercaAppTests" */ = {
			isa = XCConfigurationList;
			buildConfigurations = (
				E702E097282C3143008898BB /* Debug */,
				E702E098282C3143008898BB /* Release */,
			);
			defaultConfigurationIsVisible = 0;
			defaultConfigurationName = Release;
		};
		E702E099282C3143008898BB /* Build configuration list for PBXNativeTarget "MercaAppUITests" */ = {
			isa = XCConfigurationList;
			buildConfigurations = (
				E702E09A282C3143008898BB /* Debug */,
				E702E09B282C3143008898BB /* Release */,
			);
			defaultConfigurationIsVisible = 0;
			defaultConfigurationName = Release;
		};
/* End XCConfigurationList section */
	};
	rootObject = E702E061282C3141008898BB /* Project object */;
}
